{
  "name": "apomonet-auction-lab",
  "lockfileVersion": 3,
  "requires": true,
  "packages": {
    "": {
      "devDependencies": {
        "djvu-rs": "^0.30.1"
      }
    },
    "node_modules/djvu-rs": {
      "version": "0.30.1",
      "resolved": "https://registry.npmjs.org/djvu-rs/-/djvu-rs-0.30.1.tgz",
      "integrity": "sha512-2HQb7yLV6Rfvd3LWoimfVSOobr1BPOaqdnSvvJL7rtASgkXYmzqfXWYhc4jCPFJyZZPuJ1y8kaPUg+hCRh2u3g==",
      "dev": true,
      "license": "MIT"
    }
  }
}
